// !$*UTF8*$!
{
	archiveVersion = 1;
	classes = {
	};
	objectVersion = 50;
	objects = {

/* Begin PBXBuildFile section */
		F625776922CBEB39001AECD1 /* AppDelegate.m in Sources */ = {isa = PBXBuildFile; fileRef = F625776822CBEB39001AECD1 /* AppDelegate.m */; };
		F625776C22CBEB39001AECD1 /* ViewController.m in Sources */ = {isa = PBXBuildFile; fileRef = F625776B22CBEB39001AECD1 /* ViewController.m */; };
		F625776F22CBEB39001AECD1 /* Main.storyboard in Resources */ = {isa = PBXBuildFile; fileRef = F625776D22CBEB39001AECD1 /* Main.storyboard */; };
		F625777122CBEB39001AECD1 /* Assets.xcassets in Resources */ = {isa = PBXBuildFile; fileRef = F625777022CBEB39001AECD1 /* Assets.xcassets */; };
		F625777422CBEB39001AECD1 /* LaunchScreen.storyboard in Resources */ = {isa = PBXBuildFile; fileRef = F625777222CBEB39001AECD1 /* LaunchScreen.storyboard */; };
		F625777722CBEB39001AECD1 /* main.m in Sources */ = {isa = PBXBuildFile; fileRef = F625777622CBEB39001AECD1 /* main.m */; };
		F625778022CBEBD2001AECD1 /* Card.m in Sources */ = {isa = PBXBuildFile; fileRef = F625777F22CBEBD2001AECD1 /* Card.m */; };
		F625778322CBF8F3001AECD1 /* AYCardController.m in Sources */ = {isa = PBXBuildFile; fileRef = F625778222CBF8F3001AECD1 /* AYCardController.m */; };
		F625778622CBFB41001AECD1 /* CardViewController.swift in Sources */ = {isa = PBXBuildFile; fileRef = F625778522CBFB41001AECD1 /* CardViewController.swift */; };
/* End PBXBuildFile section */

/* Begin PBXFileReference section */
		F625776422CBEB39001AECD1 /* DeckOfCards27ObjC.app */ = {isa = PBXFileReference; explicitFileType = wrapper.application; includeInIndex = 0; path = DeckOfCards27ObjC.app; sourceTree = BUILT_PRODUCTS_DIR; };
		F625776722CBEB39001AECD1 /* AppDelegate.h */ = {isa = PBXFileReference; lastKnownFileType = sourcecode.c.h; path = AppDelegate.h; sourceTree = "<group>"; };
		F625776822CBEB39001AECD1 /* AppDelegate.m */ = {isa = PBXFileReference; lastKnownFileType = sourcecode.c.objc; path = AppDelegate.m; sourceTree = "<group>"; };
		F625776A22CBEB39001AECD1 /* ViewController.h */ = {isa = PBXFileReference; lastKnownFileType = sourcecode.c.h; path = ViewController.h; sourceTree = "<group>"; };
		F625776B22CBEB39001AECD1 /* ViewController.m */ = {isa = PBXFileReference; lastKnownFileType = sourcecode.c.objc; path = ViewController.m; sourceTree = "<group>"; };
		F625776E22CBEB39001AECD1 /* Base */ = {isa = PBXFileReference; lastKnownFileType = file.storyboard; name = Base; path = Base.lproj/Main.storyboard; sourceTree = "<group>"; };
		F625777022CBEB39001AECD1 /* Assets.xcassets */ = {isa = PBXFileReference; lastKnownFileType = folder.assetcatalog; path = Assets.xcassets; sourceTree = "<group>"; };
		F625777322CBEB39001AECD1 /* Base */ = {isa = PBXFileReference; lastKnownFileType = file.storyboard; name = Base; path = Base.lproj/LaunchScreen.storyboard; sourceTree = "<group>"; };
		F625777522CBEB39001AECD1 /* Info.plist */ = {isa = PBXFileReference; lastKnownFileType = text.plist.xml; path = Info.plist; sourceTree = "<group>"; };
		F625777622CBEB39001AECD1 /* main.m */ = {isa = PBXFileReference; lastKnownFileType = sourcecode.c.objc; path = main.m; sourceTree = "<group>"; };
		F625777E22CBEBD2001AECD1 /* Card.h */ = {isa = PBXFileReference; lastKnownFileType = sourcecode.c.h; path = Card.h; sourceTree = "<group>"; };
		F625777F22CBEBD2001AECD1 /* Card.m */ = {isa = PBXFileReference; lastKnownFileType = sourcecode.c.objc; path = Card.m; sourceTree = "<group>"; };
		F625778122CBF8F3001AECD1 /* AYCardController.h */ = {isa = PBXFileReference; lastKnownFileType = sourcecode.c.h; path = AYCardController.h; sourceTree = "<group>"; };
		F625778222CBF8F3001AECD1 /* AYCardController.m */ = {isa = PBXFileReference; lastKnownFileType = sourcecode.c.objc; path = AYCardController.m; sourceTree = "<group>"; };
		F625778422CBFB41001AECD1 /* DeckOfCards27ObjC-Bridging-Header.h */ = {isa = PBXFileReference; lastKnownFileType = sourcecode.c.h; path = "DeckOfCards27ObjC-Bridging-Header.h"; sourceTree = "<group>"; };
		F625778522CBFB41001AECD1 /* CardViewController.swift */ = {isa = PBXFileReference; lastKnownFileType = sourcecode.swift; path = CardViewController.swift; sourceTree = "<group>"; };
/* End PBXFileReference section */

/* Begin PBXFrameworksBuildPhase section */
		F625776122CBEB39001AECD1 /* Frameworks */ = {
			isa = PBXFrameworksBuildPhase;
			buildActionMask = 2147483647;
			files = (
			);
			runOnlyForDeploymentPostprocessing = 0;
		};
/* End PBXFrameworksBuildPhase section */

/* Begin PBXGroup section */
		F625775B22CBEB38001AECD1 = {
			isa = PBXGroup;
			children = (
				F625776622CBEB39001AECD1 /* DeckOfCards27ObjC */,
				F625776522CBEB39001AECD1 /* Products */,
			);
			sourceTree = "<group>";
		};
		F625776522CBEB39001AECD1 /* Products */ = {
			isa = PBXGroup;
			children = (
				F625776422CBEB39001AECD1 /* DeckOfCards27ObjC.app */,
			);
			name = Products;
			sourceTree = "<group>";
		};
		F625776622CBEB39001AECD1 /* DeckOfCards27ObjC */ = {
			isa = PBXGroup;
			children = (
				F625777D22CBEB77001AECD1 /* Resouces */,
				F625776D22CBEB39001AECD1 /* Main.storyboard */,
				F625777E22CBEBD2001AECD1 /* Card.h */,
				F625778122CBF8F3001AECD1 /* AYCardController.h */,
				F625778222CBF8F3001AECD1 /* AYCardController.m */,
				F625777F22CBEBD2001AECD1 /* Card.m */,
				F625778522CBFB41001AECD1 /* CardViewController.swift */,
				F625778422CBFB41001AECD1 /* DeckOfCards27ObjC-Bridging-Header.h */,
			);
			path = DeckOfCards27ObjC;
			sourceTree = "<group>";
		};
		F625777D22CBEB77001AECD1 /* Resouces */ = {
			isa = PBXGroup;
			children = (
				F625776722CBEB39001AECD1 /* AppDelegate.h */,
				F625776822CBEB39001AECD1 /* AppDelegate.m */,
				F625776A22CBEB39001AECD1 /* ViewController.h */,
				F625776B22CBEB39001AECD1 /* ViewController.m */,
				F625777022CBEB39001AECD1 /* Assets.xcassets */,
				F625777222CBEB39001AECD1 /* LaunchScreen.storyboard */,
				F625777522CBEB39001AECD1 /* Info.plist */,
				F625777622CBEB39001AECD1 /* main.m */,
			);
			path = Resouces;
			sourceTree = "<group>";
		};
/* End PBXGroup section */

/* Begin PBXNativeTarget section */
		F625776322CBEB39001AECD1 /* DeckOfCards27ObjC */ = {
			isa = PBXNativeTarget;
			buildConfigurationList = F625777A22CBEB39001AECD1 /* Build configuration list for PBXNativeTarget "DeckOfCards27ObjC" */;
			buildPhases = (
				F625776022CBEB39001AECD1 /* Sources */,
				F625776122CBEB39001AECD1 /* Frameworks */,
				F625776222CBEB39001AECD1 /* Resources */,
			);
			buildRules = (
			);
			dependencies = (
			);
			name = DeckOfCards27ObjC;
			productName = DeckOfCards27ObjC;
			productReference = F625776422CBEB39001AECD1 /* DeckOfCards27ObjC.app */;
			productType = "com.apple.product-type.application";
		};
/* End PBXNativeTarget section */

/* Begin PBXProject section */
		F625775C22CBEB38001AECD1 /* Project object */ = {
			isa = PBXProject;
			attributes = {
				LastUpgradeCheck = 1020;
				ORGANIZATIONNAME = AlbertLLC;
				TargetAttributes = {
					F625776322CBEB39001AECD1 = {
						CreatedOnToolsVersion = 10.2;
						LastSwiftMigration = 1020;
					};
				};
			};
			buildConfigurationList = F625775F22CBEB38001AECD1 /* Build configuration list for PBXProject "DeckOfCards27ObjC" */;
			compatibilityVersion = "Xcode 9.3";
			developmentRegion = en;
			hasScannedForEncodings = 0;
			knownRegions = (
				en,
				Base,
			);
			mainGroup = F625775B22CBEB38001AECD1;
			productRefGroup = F625776522CBEB39001AECD1 /* Products */;
			projectDirPath = "";
			projectRoot = "";
			targets = (
				F625776322CBEB39001AECD1 /* DeckOfCards27ObjC */,
			);
		};
/* End PBXProject section */

/* Begin PBXResourcesBuildPhase section */
		F625776222CBEB39001AECD1 /* Resources */ = {
			isa = PBXResourcesBuildPhase;
			buildActionMask = 2147483647;
			files = (
				F625777422CBEB39001AECD1 /* LaunchScreen.storyboard in Resources */,
				F625777122CBEB39001AECD1 /* Assets.xcassets in Resources */,
				F625776F22CBEB39001AECD1 /* Main.storyboard in Resources */,
			);
			runOnlyForDeploymentPostprocessing = 0;
		};
/* End PBXResourcesBuildPhase section */

/* Begin PBXSourcesBuildPhase section */
		F625776022CBEB39001AECD1 /* Sources */ = {
			isa = PBXSourcesBuildPhase;
			buildActionMask = 2147483647;
			files = (
				F625776C22CBEB39001AECD1 /* ViewController.m in Sources */,
				F625778322CBF8F3001AECD1 /* AYCardController.m in Sources */,
				F625778622CBFB41001AECD1 /* CardViewController.swift in Sources */,
				F625777722CBEB39001AECD1 /* main.m in Sources */,
				F625776922CBEB39001AECD1 /* AppDelegate.m in Sources */,
				F625778022CBEBD2001AECD1 /* Card.m in Sources */,
			);
			runOnlyForDeploymentPostprocessing = 0;
		};
/* End PBXSourcesBuildPhase section */

/* Begin PBXVariantGroup section */
		F625776D22CBEB39001AECD1 /* Main.storyboard */ = {
			isa = PBXVariantGroup;
			children = (
				F625776E22CBEB39001AECD1 /* Base */,
			);
			name = Main.storyboard;
			sourceTree = "<group>";
		};
		F625777222CBEB39001AECD1 /* LaunchScreen.storyboard */ = {
			isa = PBXVariantGroup;
			children = (
				F625777322CBEB39001AECD1 /* Base */,
			);
			name = LaunchScreen.storyboard;
			sourceTree = "<group>";
		};
/* End PBXVariantGroup section */

/* Begin XCBuildConfiguration section */
		F625777822CBEB39001AECD1 /* Debug */ = {
			isa = XCBuildConfiguration;
			buildSettings = {
				ALWAYS_SEARCH_USER_PATHS = NO;
				CLANG_ANALYZER_NONNULL = YES;
				CLANG_ANALYZER_NUMBER_OBJECT_CONVERSION = YES_AGGRESSIVE;
				CLANG_CXX_LANGUAGE_STANDARD = "gnu++14";
				CLANG_CXX_LIBRARY = "libc++";
				CLANG_ENABLE_MODULES = YES;
				CLANG_ENABLE_OBJC_ARC = YES;
				CLANG_ENABLE_OBJC_WEAK = YES;
				CLANG_WARN_BLOCK_CAPTURE_AUTORELEASING = YES;
				CLANG_WARN_BOOL_CONVERSION = YES;
				CLANG_WARN_COMMA = YES;
				CLANG_WARN_CONSTANT_CONVERSION = YES;
				CLANG_WARN_DEPRECATED_OBJC_IMPLEMENTATIONS = YES;
				CLANG_WARN_DIRECT_OBJC_ISA_USAGE = YES_ERROR;
				CLANG_WARN_DOCUMENTATION_COMMENTS = YES;
				CLANG_WARN_EMPTY_BODY = YES;
				CLANG_WARN_ENUM_CONVERSION = YES;
				CLANG_WARN_INFINITE_RECURSION = YES;
				CLANG_WARN_INT_CONVERSION = YES;
				CLANG_WARN_NON_LITERAL_NULL_CONVERSION = YES;
				CLANG_WARN_OBJC_IMPLICIT_RETAIN_SELF = YES;
				CLANG_WARN_OBJC_LITERAL_CONVERSION = YES;
				CLANG_WARN_OBJC_ROOT_CLASS = YES_ERROR;
				CLANG_WARN_RANGE_LOOP_ANALYSIS = YES;
				CLANG_WARN_STRICT_PROTOTYPES = YES;
				CLANG_WARN_SUSPICIOUS_MOVE = YES;
				CLANG_WARN_UNGUARDED_AVAILABILITY = YES_AGGRESSIVE;
				CLANG_WARN_UNREACHABLE_CODE = YES;
				CLANG_WARN__DUPLICATE_METHOD_MATCH = YES;
				CODE_SIGN_IDENTITY = "iPhone Developer";
				COPY_PHASE_STRIP = NO;
				DEBUG_INFORMATION_FORMAT = dwarf;
				ENABLE_STRICT_OBJC_MSGSEND = YES;
				ENABLE_TESTABILITY = YES;
				GCC_C_LANGUAGE_STANDARD = gnu11;
				GCC_DYNAMIC_NO_PIC = NO;
				GCC_NO_COMMON_BLOCKS = YES;
				GCC_OPTIMIZATION_LEVEL = 0;
				GCC_PREPROCESSOR_DEFINITIONS = (
					"DEBUG=1",
					"$(inherited)",
				);
				GCC_WARN_64_TO_32_BIT_CONVERSION = YES;
				GCC_WARN_ABOUT_RETURN_TYPE = YES_ERROR;
				GCC_WARN_UNDECLARED_SELECTOR = YES;
				GCC_WARN_UNINITIALIZED_AUTOS = YES_AGGRESSIVE;
				GCC_WARN_UNUSED_FUNCTION = YES;
				GCC_WARN_UNUSED_VARIABLE = YES;
				IPHONEOS_DEPLOYMENT_TARGET = 12.2;
				MTL_ENABLE_DEBUG_INFO = INCLUDE_SOURCE;
				MTL_FAST_MATH = YES;
				ONLY_ACTIVE_ARCH = YES;
				SDKROOT = iphoneos;
			};
			name = Debug;
		};
		F625777922CBEB39001AECD1 /* Release */ = {
			isa = XCBuildConfiguration;
			buildSettings = {
				ALWAYS_SEARCH_USER_PATHS = NO;
				CLANG_ANALYZER_NONNULL = YES;
				CLANG_ANALYZER_NUMBER_OBJECT_CONVERSION = YES_AGGRESSIVE;
				CLANG_CXX_LANGUAGE_STANDARD = "gnu++14";
				CLANG_CXX_LIBRARY = "libc++";
				CLANG_ENABLE_MODULES = YES;
				CLANG_ENABLE_OBJC_ARC = YES;
				CLANG_ENABLE_OBJC_WEAK = YES;
				CLANG_WARN_BLOCK_CAPTURE_AUTORELEASING = YES;
				CLANG_WARN_BOOL_CONVERSION = YES;
				CLANG_WARN_COMMA = YES;
				CLANG_WARN_CONSTANT_CONVERSION = YES;
				CLANG_WARN_DEPRECATED_OBJC_IMPLEMENTATIONS = YES;
				CLANG_WARN_DIRECT_OBJC_ISA_USAGE = YES_ERROR;
				CLANG_WARN_DOCUMENTATION_COMMENTS = YES;
				CLANG_WARN_EMPTY_BODY = YES;
				CLANG_WARN_ENUM_CONVERSION = YES;
				CLANG_WARN_INFINITE_RECURSION = YES;
				CLANG_WARN_INT_CONVERSION = YES;
				CLANG_WARN_NON_LITERAL_NULL_CONVERSION = YES;
				CLANG_WARN_OBJC_IMPLICIT_RETAIN_SELF = YES;
				CLANG_WARN_OBJC_LITERAL_CONVERSION = YES;
				CLANG_WARN_OBJC_ROOT_CLASS = YES_ERROR;
				CLANG_WARN_RANGE_LOOP_ANALYSIS = YES;
				CLANG_WARN_STRICT_PROTOTYPES = YES;
				CLANG_WARN_SUSPICIOUS_MOVE = YES;
				CLANG_WARN_UNGUARDED_AVAILABILITY = YES_AGGRESSIVE;
				CLANG_WARN_UNREACHABLE_CODE = YES;
				CLANG_WARN__DUPLICATE_METHOD_MATCH = YES;
				CODE_SIGN_IDENTITY = "iPhone Developer";
				COPY_PHASE_STRIP = NO;
				DEBUG_INFORMATION_FORMAT = "dwarf-with-dsym";
				ENABLE_NS_ASSERTIONS = NO;
				ENABLE_STRICT_OBJC_MSGSEND = YES;
				GCC_C_LANGUAGE_STANDARD = gnu11;
				GCC_NO_COMMON_BLOCKS = YES;
				GCC_WARN_64_TO_32_BIT_CONVERSION = YES;
				GCC_WARN_ABOUT_RETURN_TYPE = YES_ERROR;
				GCC_WARN_UNDECLARED_SELECTOR = YES;
				GCC_WARN_UNINITIALIZED_AUTOS = YES_AGGRESSIVE;
				GCC_WARN_UNUSED_FUNCTION = YES;
				GCC_WARN_UNUSED_VARIABLE = YES;
				IPHONEOS_DEPLOYMENT_TARGET = 12.2;
				MTL_ENABLE_DEBUG_INFO = NO;
				MTL_FAST_MATH = YES;
				SDKROOT = iphoneos;
				VALIDATE_PRODUCT = YES;
			};
			name = Release;
		};
		F625777B22CBEB39001AECD1 /* Debug */ = {
			isa = XCBuildConfiguration;
			buildSettings = {
				ASSETCATALOG_COMPILER_APPICON_NAME = AppIcon;
				CLANG_ENABLE_MODULES = YES;
				CODE_SIGN_STYLE = Automatic;
				DEVELOPMENT_TEAM = CFV9N227P7;
				INFOPLIST_FILE = "$(SRCROOT)/DeckOfCards27ObjC/Resouces/Info.plist";
				LD_RUNPATH_SEARCH_PATHS = (
					"$(inherited)",
					"@executable_path/Frameworks",
				);
				PRODUCT_BUNDLE_IDENTIFIER = AlbertLLC.DeckOfCards27ObjC;
				PRODUCT_NAME = "$(TARGET_NAME)";
				SWIFT_OBJC_BRIDGING_HEADER = "DeckOfCards27ObjC/DeckOfCards27ObjC-Bridging-Header.h";
				SWIFT_OPTIMIZATION_LEVEL = "-Onone";
				SWIFT_VERSION = 5.0;
				TARGETED_DEVICE_FAMILY = "1,2";
			};
			name = Debug;
		};
		F625777C22CBEB39001AECD1 /* Release */ = {
			isa = XCBuildConfiguration;
			buildSettings = {
				ASSETCATALOG_COMPILER_APPICON_NAME = AppIcon;
				CLANG_ENABLE_MODULES = YES;
				CODE_SIGN_STYLE = Automatic;
				DEVELOPMENT_TEAM = CFV9N227P7;
				INFOPLIST_FILE = "$(SRCROOT)/DeckOfCards27ObjC/Resouces/Info.plist";
				LD_RUNPATH_SEARCH_PATHS = (
					"$(inherited)",
					"@executable_path/Frameworks",
				);
				PRODUCT_BUNDLE_IDENTIFIER = AlbertLLC.DeckOfCards27ObjC;
				PRODUCT_NAME = "$(TARGET_NAME)";
				SWIFT_OBJC_BRIDGING_HEADER = "DeckOfCards27ObjC/DeckOfCards27ObjC-Bridging-Header.h";
				SWIFT_VERSION = 5.0;
				TARGETED_DEVICE_FAMILY = "1,2";
			};
			name = Release;
		};
/* End XCBuildConfiguration section */

/* Begin XCConfigurationList section */
		F625775F22CBEB38001AECD1 /* Build configuration list for PBXProject "DeckOfCards27ObjC" */ = {
			isa = XCConfigurationList;
			buildConfigurations = (
				F625777822CBEB39001AECD1 /* Debug */,
				F625777922CBEB39001AECD1 /* Release */,
			);
			defaultConfigurationIsVisible = 0;
			defaultConfigurationName = Release;
		};
		F625777A22CBEB39001AECD1 /* Build configuration list for PBXNativeTarget "DeckOfCards27ObjC" */ = {
			isa = XCConfigurationList;
			buildConfigurations = (
				F625777B22CBEB39001AECD1 /* Debug */,
				F625777C22CBEB39001AECD1 /* Release */,
			);
			defaultConfigurationIsVisible = 0;
			defaultConfigurationName = Release;
		};
/* End XCConfigurationList section */
	};
	rootObject = F625775C22CBEB38001AECD1 /* Project object */;
}
